// !$*UTF8*$!
{
	archiveVersion = 1;
	classes = {
	};
	objectVersion = 52;
	objects = {

/* Begin PBXBuildFile section */
		A2CB6C2923FDB5AA0006DA75 /* AppDelegate.swift in Sources */ = {isa = PBXBuildFile; fileRef = A2CB6C2823FDB5AA0006DA75 /* AppDelegate.swift */; };
		A2CB6C2B23FDB5AA0006DA75 /* SceneDelegate.swift in Sources */ = {isa = PBXBuildFile; fileRef = A2CB6C2A23FDB5AA0006DA75 /* SceneDelegate.swift */; };
		A2CB6C2D23FDB5AA0006DA75 /* ContentView.swift in Sources */ = {isa = PBXBuildFile; fileRef = A2CB6C2C23FDB5AA0006DA75 /* ContentView.swift */; };
		A2CB6C2F23FDB5B00006DA75 /* Assets.xcassets in Resources */ = {isa = PBXBuildFile; fileRef = A2CB6C2E23FDB5B00006DA75 /* Assets.xcassets */; };
		A2CB6C3223FDB5B00006DA75 /* Preview Assets.xcassets in Resources */ = {isa = PBXBuildFile; fileRef = A2CB6C3123FDB5B00006DA75 /* Preview Assets.xcassets */; };
		A2CB6C3523FDB5B00006DA75 /* LaunchScreen.storyboard in Resources */ = {isa = PBXBuildFile; fileRef = A2CB6C3323FDB5B00006DA75 /* LaunchScreen.storyboard */; };
		A2CB6C4023FDB5B10006DA75 /* TestingSandboxTests.swift in Sources */ = {isa = PBXBuildFile; fileRef = A2CB6C3F23FDB5B10006DA75 /* TestingSandboxTests.swift */; };
		A2CB6C4B23FDB5B10006DA75 /* TestingSandboxUITests.swift in Sources */ = {isa = PBXBuildFile; fileRef = A2CB6C4A23FDB5B10006DA75 /* TestingSandboxUITests.swift */; };
		A2CB6CC323FDDFDB0006DA75 /* libeDistantObject.a in Frameworks */ = {isa = PBXBuildFile; fileRef = A2CB6C6D23FDB6C60006DA75 /* libeDistantObject.a */; settings = {ATTRIBUTES = (Required, ); }; };
		A2CB6CE823FDE3190006DA75 /* libTestingSandboxLibrary.a in Frameworks */ = {isa = PBXBuildFile; fileRef = A2CB6CD423FDE2D00006DA75 /* libTestingSandboxLibrary.a */; };
		A2CB6CEE23FDE3FE0006DA75 /* Person.swift in Sources */ = {isa = PBXBuildFile; fileRef = A2CB6CE023FDE2F40006DA75 /* Person.swift */; };
		A2CB6CEF23FDE4020006DA75 /* PersonProtocol.swift in Sources */ = {isa = PBXBuildFile; fileRef = A2CB6CE123FDE2F40006DA75 /* PersonProtocol.swift */; };
		A2CB6CF223FDE78A0006DA75 /* StubbedPerson.m in Sources */ = {isa = PBXBuildFile; fileRef = A2CB6CF123FDE78A0006DA75 /* StubbedPerson.m */; };
		A2CB6D0823FDF84C0006DA75 /* libeDistantObject.a in Frameworks */ = {isa = PBXBuildFile; fileRef = A2CB6C6D23FDB6C60006DA75 /* libeDistantObject.a */; };
/* End PBXBuildFile section */

/* Begin PBXContainerItemProxy section */
		A2CB6C3C23FDB5B10006DA75 /* PBXContainerItemProxy */ = {
			isa = PBXContainerItemProxy;
			containerPortal = A2CB6C1D23FDB5AA0006DA75 /* Project object */;
			proxyType = 1;
			remoteGlobalIDString = A2CB6C2423FDB5AA0006DA75;
			remoteInfo = TestingSandbox;
		};
		A2CB6C4723FDB5B10006DA75 /* PBXContainerItemProxy */ = {
			isa = PBXContainerItemProxy;
			containerPortal = A2CB6C1D23FDB5AA0006DA75 /* Project object */;
			proxyType = 1;
			remoteGlobalIDString = A2CB6C2423FDB5AA0006DA75;
			remoteInfo = TestingSandbox;
		};
		A2CB6C6823FDB6C60006DA75 /* PBXContainerItemProxy */ = {
			isa = PBXContainerItemProxy;
			containerPortal = A2CB6C5923FDB6C60006DA75 /* eDistantObject.xcodeproj */;
			proxyType = 2;
			remoteGlobalIDString = C845026520DD9D2E00D7350F;
			remoteInfo = ChannelLib;
		};
		A2CB6C6A23FDB6C60006DA75 /* PBXContainerItemProxy */ = {
			isa = PBXContainerItemProxy;
			containerPortal = A2CB6C5923FDB6C60006DA75 /* eDistantObject.xcodeproj */;
			proxyType = 2;
			remoteGlobalIDString = C88B8A7B21ADD3BE00DDE607;
			remoteInfo = MeasureLib;
		};
		A2CB6C6C23FDB6C60006DA75 /* PBXContainerItemProxy */ = {
			isa = PBXContainerItemProxy;
			containerPortal = A2CB6C5923FDB6C60006DA75 /* eDistantObject.xcodeproj */;
			proxyType = 2;
			remoteGlobalIDString = C845027720DD9D5D00D7350F;
			remoteInfo = eDistantObject;
		};
		A2CB6C6E23FDB6C60006DA75 /* PBXContainerItemProxy */ = {
			isa = PBXContainerItemProxy;
			containerPortal = A2CB6C5923FDB6C60006DA75 /* eDistantObject.xcodeproj */;
			proxyType = 2;
			remoteGlobalIDString = C845033420DDA11D00D7350F;
			remoteInfo = ChannelTests;
		};
		A2CB6C7023FDB6C60006DA75 /* PBXContainerItemProxy */ = {
			isa = PBXContainerItemProxy;
			containerPortal = A2CB6C5923FDB6C60006DA75 /* eDistantObject.xcodeproj */;
			proxyType = 2;
			remoteGlobalIDString = C88B8A8921ADD3FD00DDE607;
			remoteInfo = MeasureTests;
		};
		A2CB6C7223FDB6C60006DA75 /* PBXContainerItemProxy */ = {
			isa = PBXContainerItemProxy;
			containerPortal = A2CB6C5923FDB6C60006DA75 /* eDistantObject.xcodeproj */;
			proxyType = 2;
			remoteGlobalIDString = C845034520DDA1E800D7350F;
			remoteInfo = TestsHost;
		};
		A2CB6C7423FDB6C60006DA75 /* PBXContainerItemProxy */ = {
			isa = PBXContainerItemProxy;
			containerPortal = A2CB6C5923FDB6C60006DA75 /* eDistantObject.xcodeproj */;
			proxyType = 2;
			remoteGlobalIDString = C845037820DDA40A00D7350F;
			remoteInfo = ServiceUITests;
		};
		A2CB6C7623FDB6C60006DA75 /* PBXContainerItemProxy */ = {
			isa = PBXContainerItemProxy;
			containerPortal = A2CB6C5923FDB6C60006DA75 /* eDistantObject.xcodeproj */;
			proxyType = 2;
			remoteGlobalIDString = C84503A220DDAEF500D7350F;
			remoteInfo = ServiceTests;
		};
		A2CB6C7823FDB6C60006DA75 /* PBXContainerItemProxy */ = {
			isa = PBXContainerItemProxy;
			containerPortal = A2CB6C5923FDB6C60006DA75 /* eDistantObject.xcodeproj */;
			proxyType = 2;
			remoteGlobalIDString = C84503B620DDB03E00D7350F;
			remoteInfo = ServicePerfTests;
		};
		A2CB6C7A23FDB6C60006DA75 /* PBXContainerItemProxy */ = {
			isa = PBXContainerItemProxy;
			containerPortal = A2CB6C5923FDB6C60006DA75 /* eDistantObject.xcodeproj */;
			proxyType = 2;
			remoteGlobalIDString = C84503C620DDB07A00D7350F;
			remoteInfo = TestsBundle;
		};
		A2CB6C7C23FDB6C60006DA75 /* PBXContainerItemProxy */ = {
			isa = PBXContainerItemProxy;
			containerPortal = A2CB6C5923FDB6C60006DA75 /* eDistantObject.xcodeproj */;
			proxyType = 2;
			remoteGlobalIDString = C52D85942220C44300E86E60;
			remoteInfo = DeviceLib;
		};
		A2CB6C7E23FDB6C60006DA75 /* PBXContainerItemProxy */ = {
			isa = PBXContainerItemProxy;
			containerPortal = A2CB6C5923FDB6C60006DA75 /* eDistantObject.xcodeproj */;
			proxyType = 2;
			remoteGlobalIDString = C55B85F62241AEAC00B568FA;
			remoteInfo = DeviceUnitTests;
		};
		A2CB6CE923FDE3290006DA75 /* PBXContainerItemProxy */ = {
			isa = PBXContainerItemProxy;
			containerPortal = A2CB6C5923FDB6C60006DA75 /* eDistantObject.xcodeproj */;
			proxyType = 1;
			remoteGlobalIDString = C845026E20DD9D5D00D7350F;
			remoteInfo = eDistantObject;
		};
		A2CB6CEC23FDE3B80006DA75 /* PBXContainerItemProxy */ = {
			isa = PBXContainerItemProxy;
			containerPortal = A2CB6C1D23FDB5AA0006DA75 /* Project object */;
			proxyType = 1;
			remoteGlobalIDString = A2CB6CD323FDE2D00006DA75;
			remoteInfo = TestingSandboxLibrary;
		};
/* End PBXContainerItemProxy section */

/* Begin PBXCopyFilesBuildPhase section */
		A2CB6CD223FDE2D00006DA75 /* CopyFiles */ = {
			isa = PBXCopyFilesBuildPhase;
			buildActionMask = 2147483647;
			dstPath = "include/$(PRODUCT_NAME)";
			dstSubfolderSpec = 16;
			files = (
			);
			runOnlyForDeploymentPostprocessing = 0;
		};
/* End PBXCopyFilesBuildPhase section */

/* Begin PBXFileReference section */
		A2CB6C2523FDB5AA0006DA75 /* TestingSandbox.app */ = {isa = PBXFileReference; explicitFileType = wrapper.application; includeInIndex = 0; path = TestingSandbox.app; sourceTree = BUILT_PRODUCTS_DIR; };
		A2CB6C2823FDB5AA0006DA75 /* AppDelegate.swift */ = {isa = PBXFileReference; lastKnownFileType = sourcecode.swift; path = AppDelegate.swift; sourceTree = "<group>"; };
		A2CB6C2A23FDB5AA0006DA75 /* SceneDelegate.swift */ = {isa = PBXFileReference; lastKnownFileType = sourcecode.swift; path = SceneDelegate.swift; sourceTree = "<group>"; };
		A2CB6C2C23FDB5AA0006DA75 /* ContentView.swift */ = {isa = PBXFileReference; lastKnownFileType = sourcecode.swift; path = ContentView.swift; sourceTree = "<group>"; };
		A2CB6C2E23FDB5B00006DA75 /* Assets.xcassets */ = {isa = PBXFileReference; lastKnownFileType = folder.assetcatalog; path = Assets.xcassets; sourceTree = "<group>"; };
		A2CB6C3123FDB5B00006DA75 /* Preview Assets.xcassets */ = {isa = PBXFileReference; lastKnownFileType = folder.assetcatalog; path = "Preview Assets.xcassets"; sourceTree = "<group>"; };
		A2CB6C3423FDB5B00006DA75 /* Base */ = {isa = PBXFileReference; lastKnownFileType = file.storyboard; name = Base; path = Base.lproj/LaunchScreen.storyboard; sourceTree = "<group>"; };
		A2CB6C3623FDB5B00006DA75 /* Info.plist */ = {isa = PBXFileReference; lastKnownFileType = text.plist.xml; path = Info.plist; sourceTree = "<group>"; };
		A2CB6C3B23FDB5B10006DA75 /* TestingSandboxTests.xctest */ = {isa = PBXFileReference; explicitFileType = wrapper.cfbundle; includeInIndex = 0; path = TestingSandboxTests.xctest; sourceTree = BUILT_PRODUCTS_DIR; };
		A2CB6C3F23FDB5B10006DA75 /* TestingSandboxTests.swift */ = {isa = PBXFileReference; lastKnownFileType = sourcecode.swift; path = TestingSandboxTests.swift; sourceTree = "<group>"; };
		A2CB6C4123FDB5B10006DA75 /* Info.plist */ = {isa = PBXFileReference; lastKnownFileType = text.plist.xml; path = Info.plist; sourceTree = "<group>"; };
		A2CB6C4623FDB5B10006DA75 /* TestingSandboxUITests.xctest */ = {isa = PBXFileReference; explicitFileType = wrapper.cfbundle; includeInIndex = 0; path = TestingSandboxUITests.xctest; sourceTree = BUILT_PRODUCTS_DIR; };
		A2CB6C4A23FDB5B10006DA75 /* TestingSandboxUITests.swift */ = {isa = PBXFileReference; lastKnownFileType = sourcecode.swift; path = TestingSandboxUITests.swift; sourceTree = "<group>"; };
		A2CB6C4C23FDB5B10006DA75 /* Info.plist */ = {isa = PBXFileReference; lastKnownFileType = text.plist.xml; path = Info.plist; sourceTree = "<group>"; };
		A2CB6C5923FDB6C60006DA75 /* eDistantObject.xcodeproj */ = {isa = PBXFileReference; lastKnownFileType = "wrapper.pb-project"; name = eDistantObject.xcodeproj; path = Vendor/eDistantObject/eDistantObject.xcodeproj; sourceTree = "<group>"; };
		A2CB6CC423FDDFF70006DA75 /* TestingSandbox-Bridging-Header.h */ = {isa = PBXFileReference; lastKnownFileType = sourcecode.c.h; path = "TestingSandbox-Bridging-Header.h"; sourceTree = "<group>"; };
		A2CB6CD423FDE2D00006DA75 /* libTestingSandboxLibrary.a */ = {isa = PBXFileReference; explicitFileType = archive.ar; includeInIndex = 0; path = libTestingSandboxLibrary.a; sourceTree = BUILT_PRODUCTS_DIR; };
		A2CB6CDD23FDE2F40006DA75 /* TestingSandboxLibrary-Bridging-Header.h */ = {isa = PBXFileReference; lastKnownFileType = sourcecode.c.h; path = "TestingSandboxLibrary-Bridging-Header.h"; sourceTree = "<group>"; };
		A2CB6CE023FDE2F40006DA75 /* Person.swift */ = {isa = PBXFileReference; fileEncoding = 4; lastKnownFileType = sourcecode.swift; path = Person.swift; sourceTree = "<group>"; };
		A2CB6CE123FDE2F40006DA75 /* PersonProtocol.swift */ = {isa = PBXFileReference; fileEncoding = 4; lastKnownFileType = sourcecode.swift; path = PersonProtocol.swift; sourceTree = "<group>"; };
		A2CB6CE323FDE2F40006DA75 /* StubbedPerson.h */ = {isa = PBXFileReference; fileEncoding = 4; lastKnownFileType = sourcecode.c.h; path = StubbedPerson.h; sourceTree = "<group>"; };
		A2CB6CF123FDE78A0006DA75 /* StubbedPerson.m */ = {isa = PBXFileReference; lastKnownFileType = sourcecode.c.objc; path = StubbedPerson.m; sourceTree = "<group>"; };
		A2CB6CF323FDE9B20006DA75 /* TestingSandboxUITests-Bridging-Header.h */ = {isa = PBXFileReference; lastKnownFileType = sourcecode.c.h; path = "TestingSandboxUITests-Bridging-Header.h"; sourceTree = "<group>"; };
/* End PBXFileReference section */

/* Begin PBXFrameworksBuildPhase section */
		A2CB6C2223FDB5AA0006DA75 /* Frameworks */ = {
			isa = PBXFrameworksBuildPhase;
			buildActionMask = 2147483647;
			files = (
				A2CB6CE823FDE3190006DA75 /* libTestingSandboxLibrary.a in Frameworks */,
				A2CB6CC323FDDFDB0006DA75 /* libeDistantObject.a in Frameworks */,
			);
			runOnlyForDeploymentPostprocessing = 0;
		};
		A2CB6C3823FDB5B10006DA75 /* Frameworks */ = {
			isa = PBXFrameworksBuildPhase;
			buildActionMask = 2147483647;
			files = (
			);
			runOnlyForDeploymentPostprocessing = 0;
		};
		A2CB6C4323FDB5B10006DA75 /* Frameworks */ = {
			isa = PBXFrameworksBuildPhase;
			buildActionMask = 2147483647;
			files = (
				A2CB6D0823FDF84C0006DA75 /* libeDistantObject.a in Frameworks */,
			);
			runOnlyForDeploymentPostprocessing = 0;
		};
		A2CB6CD123FDE2D00006DA75 /* Frameworks */ = {
			isa = PBXFrameworksBuildPhase;
			buildActionMask = 2147483647;
			files = (
			);
			runOnlyForDeploymentPostprocessing = 0;
		};
/* End PBXFrameworksBuildPhase section */

/* Begin PBXGroup section */
		A2CB6C1C23FDB5AA0006DA75 = {
			isa = PBXGroup;
			children = (
				A2CB6C2723FDB5AA0006DA75 /* TestingSandbox */,
				A2CB6C5823FDB6B60006DA75 /* Vendor */,
				A2CB6C3E23FDB5B10006DA75 /* TestingSandboxTests */,
				A2CB6C4923FDB5B10006DA75 /* TestingSandboxUITests */,
				A2CB6CD523FDE2D00006DA75 /* TestingSandboxLibrary */,
				A2CB6C2623FDB5AA0006DA75 /* Products */,
				A2CB6C8123FDB8210006DA75 /* Frameworks */,
			);
			sourceTree = "<group>";
		};
		A2CB6C2623FDB5AA0006DA75 /* Products */ = {
			isa = PBXGroup;
			children = (
				A2CB6C2523FDB5AA0006DA75 /* TestingSandbox.app */,
				A2CB6C3B23FDB5B10006DA75 /* TestingSandboxTests.xctest */,
				A2CB6C4623FDB5B10006DA75 /* TestingSandboxUITests.xctest */,
				A2CB6CD423FDE2D00006DA75 /* libTestingSandboxLibrary.a */,
			);
			name = Products;
			sourceTree = "<group>";
		};
		A2CB6C2723FDB5AA0006DA75 /* TestingSandbox */ = {
			isa = PBXGroup;
			children = (
				A2CB6C2823FDB5AA0006DA75 /* AppDelegate.swift */,
				A2CB6C2A23FDB5AA0006DA75 /* SceneDelegate.swift */,
				A2CB6C2C23FDB5AA0006DA75 /* ContentView.swift */,
				A2CB6C2E23FDB5B00006DA75 /* Assets.xcassets */,
				A2CB6C3323FDB5B00006DA75 /* LaunchScreen.storyboard */,
				A2CB6C3623FDB5B00006DA75 /* Info.plist */,
				A2CB6C3023FDB5B00006DA75 /* Preview Content */,
				A2CB6CC423FDDFF70006DA75 /* TestingSandbox-Bridging-Header.h */,
			);
			path = TestingSandbox;
			sourceTree = "<group>";
		};
		A2CB6C3023FDB5B00006DA75 /* Preview Content */ = {
			isa = PBXGroup;
			children = (
				A2CB6C3123FDB5B00006DA75 /* Preview Assets.xcassets */,
			);
			path = "Preview Content";
			sourceTree = "<group>";
		};
		A2CB6C3E23FDB5B10006DA75 /* TestingSandboxTests */ = {
			isa = PBXGroup;
			children = (
				A2CB6C3F23FDB5B10006DA75 /* TestingSandboxTests.swift */,
				A2CB6C4123FDB5B10006DA75 /* Info.plist */,
			);
			path = TestingSandboxTests;
			sourceTree = "<group>";
		};
		A2CB6C4923FDB5B10006DA75 /* TestingSandboxUITests */ = {
			isa = PBXGroup;
			children = (
				A2CB6C4A23FDB5B10006DA75 /* TestingSandboxUITests.swift */,
				A2CB6C4C23FDB5B10006DA75 /* Info.plist */,
				A2CB6CF323FDE9B20006DA75 /* TestingSandboxUITests-Bridging-Header.h */,
			);
			path = TestingSandboxUITests;
			sourceTree = "<group>";
		};
		A2CB6C5823FDB6B60006DA75 /* Vendor */ = {
			isa = PBXGroup;
			children = (
				A2CB6C5923FDB6C60006DA75 /* eDistantObject.xcodeproj */,
			);
			name = Vendor;
			sourceTree = "<group>";
		};
		A2CB6C5A23FDB6C60006DA75 /* Products */ = {
			isa = PBXGroup;
			children = (
				A2CB6C6923FDB6C60006DA75 /* libChannelLib.a */,
				A2CB6C6B23FDB6C60006DA75 /* libMeasureLib.a */,
				A2CB6C6D23FDB6C60006DA75 /* libeDistantObject.a */,
				A2CB6C6F23FDB6C60006DA75 /* ChannelTests.xctest */,
				A2CB6C7123FDB6C60006DA75 /* MeasureTests.xctest */,
				A2CB6C7323FDB6C60006DA75 /* TestsHost.app */,
				A2CB6C7523FDB6C60006DA75 /* ServiceUITests.xctest */,
				A2CB6C7723FDB6C60006DA75 /* ServiceTests.xctest */,
				A2CB6C7923FDB6C60006DA75 /* ServicePerfTests.xctest */,
				A2CB6C7B23FDB6C60006DA75 /* libTestsBundle.a */,
				A2CB6C7D23FDB6C60006DA75 /* libDeviceLib.a */,
				A2CB6C7F23FDB6C60006DA75 /* DeviceUnitTests.xctest */,
			);
			name = Products;
			sourceTree = "<group>";
		};
		A2CB6C8123FDB8210006DA75 /* Frameworks */ = {
			isa = PBXGroup;
			children = (
			);
			name = Frameworks;
			sourceTree = "<group>";
		};
		A2CB6CD523FDE2D00006DA75 /* TestingSandboxLibrary */ = {
			isa = PBXGroup;
			children = (
				A2CB6CE023FDE2F40006DA75 /* Person.swift */,
				A2CB6CE123FDE2F40006DA75 /* PersonProtocol.swift */,
				A2CB6CE323FDE2F40006DA75 /* StubbedPerson.h */,
				A2CB6CF123FDE78A0006DA75 /* StubbedPerson.m */,
				A2CB6CDD23FDE2F40006DA75 /* TestingSandboxLibrary-Bridging-Header.h */,
			);
			path = TestingSandboxLibrary;
			sourceTree = "<group>";
		};
/* End PBXGroup section */

/* Begin PBXNativeTarget section */
		A2CB6C2423FDB5AA0006DA75 /* TestingSandbox */ = {
			isa = PBXNativeTarget;
			buildConfigurationList = A2CB6C4F23FDB5B10006DA75 /* Build configuration list for PBXNativeTarget "TestingSandbox" */;
			buildPhases = (
				A2CB6C2123FDB5AA0006DA75 /* Sources */,
				A2CB6C2223FDB5AA0006DA75 /* Frameworks */,
				A2CB6C2323FDB5AA0006DA75 /* Resources */,
			);
			buildRules = (
			);
			dependencies = (
				A2CB6CED23FDE3B80006DA75 /* PBXTargetDependency */,
				A2CB6CEA23FDE3290006DA75 /* PBXTargetDependency */,
			);
			name = TestingSandbox;
			productName = TestingSandbox;
			productReference = A2CB6C2523FDB5AA0006DA75 /* TestingSandbox.app */;
			productType = "com.apple.product-type.application";
		};
		A2CB6C3A23FDB5B10006DA75 /* TestingSandboxTests */ = {
			isa = PBXNativeTarget;
			buildConfigurationList = A2CB6C5223FDB5B10006DA75 /* Build configuration list for PBXNativeTarget "TestingSandboxTests" */;
			buildPhases = (
				A2CB6C3723FDB5B10006DA75 /* Sources */,
				A2CB6C3823FDB5B10006DA75 /* Frameworks */,
				A2CB6C3923FDB5B10006DA75 /* Resources */,
			);
			buildRules = (
			);
			dependencies = (
				A2CB6C3D23FDB5B10006DA75 /* PBXTargetDependency */,
			);
			name = TestingSandboxTests;
			productName = TestingSandboxTests;
			productReference = A2CB6C3B23FDB5B10006DA75 /* TestingSandboxTests.xctest */;
			productType = "com.apple.product-type.bundle.unit-test";
		};
		A2CB6C4523FDB5B10006DA75 /* TestingSandboxUITests */ = {
			isa = PBXNativeTarget;
			buildConfigurationList = A2CB6C5523FDB5B10006DA75 /* Build configuration list for PBXNativeTarget "TestingSandboxUITests" */;
			buildPhases = (
				A2CB6C4223FDB5B10006DA75 /* Sources */,
				A2CB6C4323FDB5B10006DA75 /* Frameworks */,
				A2CB6C4423FDB5B10006DA75 /* Resources */,
			);
			buildRules = (
			);
			dependencies = (
				A2CB6C4823FDB5B10006DA75 /* PBXTargetDependency */,
			);
			name = TestingSandboxUITests;
			productName = TestingSandboxUITests;
			productReference = A2CB6C4623FDB5B10006DA75 /* TestingSandboxUITests.xctest */;
			productType = "com.apple.product-type.bundle.ui-testing";
		};
		A2CB6CD323FDE2D00006DA75 /* TestingSandboxLibrary */ = {
			isa = PBXNativeTarget;
			buildConfigurationList = A2CB6CDA23FDE2D00006DA75 /* Build configuration list for PBXNativeTarget "TestingSandboxLibrary" */;
			buildPhases = (
				A2CB6CD023FDE2D00006DA75 /* Sources */,
				A2CB6CD123FDE2D00006DA75 /* Frameworks */,
				A2CB6CD223FDE2D00006DA75 /* CopyFiles */,
			);
			buildRules = (
			);
			dependencies = (
			);
			name = TestingSandboxLibrary;
			productName = TestingSandboxLibrary;
			productReference = A2CB6CD423FDE2D00006DA75 /* libTestingSandboxLibrary.a */;
			productType = "com.apple.product-type.library.static";
		};
/* End PBXNativeTarget section */

/* Begin PBXProject section */
		A2CB6C1D23FDB5AA0006DA75 /* Project object */ = {
			isa = PBXProject;
			attributes = {
				LastSwiftUpdateCheck = 1130;
				LastUpgradeCheck = 1130;
				ORGANIZATIONNAME = "Butterfly Network";
				TargetAttributes = {
					A2CB6C2423FDB5AA0006DA75 = {
						CreatedOnToolsVersion = 11.3;
					};
					A2CB6C3A23FDB5B10006DA75 = {
						CreatedOnToolsVersion = 11.3;
						TestTargetID = A2CB6C2423FDB5AA0006DA75;
					};
					A2CB6C4523FDB5B10006DA75 = {
						CreatedOnToolsVersion = 11.3;
						TestTargetID = A2CB6C2423FDB5AA0006DA75;
					};
					A2CB6CD323FDE2D00006DA75 = {
						CreatedOnToolsVersion = 11.3;
						LastSwiftMigration = 1130;
					};
				};
			};
			buildConfigurationList = A2CB6C2023FDB5AA0006DA75 /* Build configuration list for PBXProject "TestingSandbox" */;
			compatibilityVersion = "Xcode 9.3";
			developmentRegion = en;
			hasScannedForEncodings = 0;
			knownRegions = (
				en,
				Base,
			);
			mainGroup = A2CB6C1C23FDB5AA0006DA75;
			productRefGroup = A2CB6C2623FDB5AA0006DA75 /* Products */;
			projectDirPath = "";
			projectReferences = (
				{
					ProductGroup = A2CB6C5A23FDB6C60006DA75 /* Products */;
					ProjectRef = A2CB6C5923FDB6C60006DA75 /* eDistantObject.xcodeproj */;
				},
			);
			projectRoot = "";
			targets = (
				A2CB6C2423FDB5AA0006DA75 /* TestingSandbox */,
				A2CB6C3A23FDB5B10006DA75 /* TestingSandboxTests */,
				A2CB6C4523FDB5B10006DA75 /* TestingSandboxUITests */,
				A2CB6CD323FDE2D00006DA75 /* TestingSandboxLibrary */,
			);
		};
/* End PBXProject section */

/* Begin PBXReferenceProxy section */
		A2CB6C6923FDB6C60006DA75 /* libChannelLib.a */ = {
			isa = PBXReferenceProxy;
			fileType = archive.ar;
			path = libChannelLib.a;
			remoteRef = A2CB6C6823FDB6C60006DA75 /* PBXContainerItemProxy */;
			sourceTree = BUILT_PRODUCTS_DIR;
		};
		A2CB6C6B23FDB6C60006DA75 /* libMeasureLib.a */ = {
			isa = PBXReferenceProxy;
			fileType = archive.ar;
			path = libMeasureLib.a;
			remoteRef = A2CB6C6A23FDB6C60006DA75 /* PBXContainerItemProxy */;
			sourceTree = BUILT_PRODUCTS_DIR;
		};
		A2CB6C6D23FDB6C60006DA75 /* libeDistantObject.a */ = {
			isa = PBXReferenceProxy;
			fileType = archive.ar;
			path = libeDistantObject.a;
			remoteRef = A2CB6C6C23FDB6C60006DA75 /* PBXContainerItemProxy */;
			sourceTree = BUILT_PRODUCTS_DIR;
		};
		A2CB6C6F23FDB6C60006DA75 /* ChannelTests.xctest */ = {
			isa = PBXReferenceProxy;
			fileType = wrapper.cfbundle;
			path = ChannelTests.xctest;
			remoteRef = A2CB6C6E23FDB6C60006DA75 /* PBXContainerItemProxy */;
			sourceTree = BUILT_PRODUCTS_DIR;
		};
		A2CB6C7123FDB6C60006DA75 /* MeasureTests.xctest */ = {
			isa = PBXReferenceProxy;
			fileType = wrapper.cfbundle;
			path = MeasureTests.xctest;
			remoteRef = A2CB6C7023FDB6C60006DA75 /* PBXContainerItemProxy */;
			sourceTree = BUILT_PRODUCTS_DIR;
		};
		A2CB6C7323FDB6C60006DA75 /* TestsHost.app */ = {
			isa = PBXReferenceProxy;
			fileType = wrapper.application;
			path = TestsHost.app;
			remoteRef = A2CB6C7223FDB6C60006DA75 /* PBXContainerItemProxy */;
			sourceTree = BUILT_PRODUCTS_DIR;
		};
		A2CB6C7523FDB6C60006DA75 /* ServiceUITests.xctest */ = {
			isa = PBXReferenceProxy;
			fileType = wrapper.cfbundle;
			path = ServiceUITests.xctest;
			remoteRef = A2CB6C7423FDB6C60006DA75 /* PBXContainerItemProxy */;
			sourceTree = BUILT_PRODUCTS_DIR;
		};
		A2CB6C7723FDB6C60006DA75 /* ServiceTests.xctest */ = {
			isa = PBXReferenceProxy;
			fileType = wrapper.cfbundle;
			path = ServiceTests.xctest;
			remoteRef = A2CB6C7623FDB6C60006DA75 /* PBXContainerItemProxy */;
			sourceTree = BUILT_PRODUCTS_DIR;
		};
		A2CB6C7923FDB6C60006DA75 /* ServicePerfTests.xctest */ = {
			isa = PBXReferenceProxy;
			fileType = wrapper.cfbundle;
			path = ServicePerfTests.xctest;
			remoteRef = A2CB6C7823FDB6C60006DA75 /* PBXContainerItemProxy */;
			sourceTree = BUILT_PRODUCTS_DIR;
		};
		A2CB6C7B23FDB6C60006DA75 /* libTestsBundle.a */ = {
			isa = PBXReferenceProxy;
			fileType = archive.ar;
			path = libTestsBundle.a;
			remoteRef = A2CB6C7A23FDB6C60006DA75 /* PBXContainerItemProxy */;
			sourceTree = BUILT_PRODUCTS_DIR;
		};
		A2CB6C7D23FDB6C60006DA75 /* libDeviceLib.a */ = {
			isa = PBXReferenceProxy;
			fileType = archive.ar;
			path = libDeviceLib.a;
			remoteRef = A2CB6C7C23FDB6C60006DA75 /* PBXContainerItemProxy */;
			sourceTree = BUILT_PRODUCTS_DIR;
		};
		A2CB6C7F23FDB6C60006DA75 /* DeviceUnitTests.xctest */ = {
			isa = PBXReferenceProxy;
			fileType = wrapper.cfbundle;
			path = DeviceUnitTests.xctest;
			remoteRef = A2CB6C7E23FDB6C60006DA75 /* PBXContainerItemProxy */;
			sourceTree = BUILT_PRODUCTS_DIR;
		};
/* End PBXReferenceProxy section */

/* Begin PBXResourcesBuildPhase section */
		A2CB6C2323FDB5AA0006DA75 /* Resources */ = {
			isa = PBXResourcesBuildPhase;
			buildActionMask = 2147483647;
			files = (
				A2CB6C3523FDB5B00006DA75 /* LaunchScreen.storyboard in Resources */,
				A2CB6C3223FDB5B00006DA75 /* Preview Assets.xcassets in Resources */,
				A2CB6C2F23FDB5B00006DA75 /* Assets.xcassets in Resources */,
			);
			runOnlyForDeploymentPostprocessing = 0;
		};
		A2CB6C3923FDB5B10006DA75 /* Resources */ = {
			isa = PBXResourcesBuildPhase;
			buildActionMask = 2147483647;
			files = (
			);
			runOnlyForDeploymentPostprocessing = 0;
		};
		A2CB6C4423FDB5B10006DA75 /* Resources */ = {
			isa = PBXResourcesBuildPhase;
			buildActionMask = 2147483647;
			files = (
			);
			runOnlyForDeploymentPostprocessing = 0;
		};
/* End PBXResourcesBuildPhase section */

/* Begin PBXSourcesBuildPhase section */
		A2CB6C2123FDB5AA0006DA75 /* Sources */ = {
			isa = PBXSourcesBuildPhase;
			buildActionMask = 2147483647;
			files = (
				A2CB6C2923FDB5AA0006DA75 /* AppDelegate.swift in Sources */,
				A2CB6C2B23FDB5AA0006DA75 /* SceneDelegate.swift in Sources */,
				A2CB6C2D23FDB5AA0006DA75 /* ContentView.swift in Sources */,
			);
			runOnlyForDeploymentPostprocessing = 0;
		};
		A2CB6C3723FDB5B10006DA75 /* Sources */ = {
			isa = PBXSourcesBuildPhase;
			buildActionMask = 2147483647;
			files = (
				A2CB6C4023FDB5B10006DA75 /* TestingSandboxTests.swift in Sources */,
			);
			runOnlyForDeploymentPostprocessing = 0;
		};
		A2CB6C4223FDB5B10006DA75 /* Sources */ = {
			isa = PBXSourcesBuildPhase;
			buildActionMask = 2147483647;
			files = (
				A2CB6C4B23FDB5B10006DA75 /* TestingSandboxUITests.swift in Sources */,
			);
			runOnlyForDeploymentPostprocessing = 0;
		};
		A2CB6CD023FDE2D00006DA75 /* Sources */ = {
			isa = PBXSourcesBuildPhase;
			buildActionMask = 2147483647;
			files = (
				A2CB6CEF23FDE4020006DA75 /* PersonProtocol.swift in Sources */,
				A2CB6CF223FDE78A0006DA75 /* StubbedPerson.m in Sources */,
				A2CB6CEE23FDE3FE0006DA75 /* Person.swift in Sources */,
			);
			runOnlyForDeploymentPostprocessing = 0;
		};
/* End PBXSourcesBuildPhase section */

/* Begin PBXTargetDependency section */
		A2CB6C3D23FDB5B10006DA75 /* PBXTargetDependency */ = {
			isa = PBXTargetDependency;
			platformFilter = ios;
			target = A2CB6C2423FDB5AA0006DA75 /* TestingSandbox */;
			targetProxy = A2CB6C3C23FDB5B10006DA75 /* PBXContainerItemProxy */;
		};
		A2CB6C4823FDB5B10006DA75 /* PBXTargetDependency */ = {
			isa = PBXTargetDependency;
			platformFilter = ios;
			target = A2CB6C2423FDB5AA0006DA75 /* TestingSandbox */;
			targetProxy = A2CB6C4723FDB5B10006DA75 /* PBXContainerItemProxy */;
		};
		A2CB6CEA23FDE3290006DA75 /* PBXTargetDependency */ = {
			isa = PBXTargetDependency;
			name = eDistantObject;
			targetProxy = A2CB6CE923FDE3290006DA75 /* PBXContainerItemProxy */;
		};
		A2CB6CED23FDE3B80006DA75 /* PBXTargetDependency */ = {
			isa = PBXTargetDependency;
			target = A2CB6CD323FDE2D00006DA75 /* TestingSandboxLibrary */;
			targetProxy = A2CB6CEC23FDE3B80006DA75 /* PBXContainerItemProxy */;
		};
/* End PBXTargetDependency section */

/* Begin PBXVariantGroup section */
		A2CB6C3323FDB5B00006DA75 /* LaunchScreen.storyboard */ = {
			isa = PBXVariantGroup;
			children = (
				A2CB6C3423FDB5B00006DA75 /* Base */,
			);
			name = LaunchScreen.storyboard;
			sourceTree = "<group>";
		};
/* End PBXVariantGroup section */

/* Begin XCBuildConfiguration section */
		A2CB6C4D23FDB5B10006DA75 /* Debug */ = {
			isa = XCBuildConfiguration;
			buildSettings = {
				ALWAYS_SEARCH_USER_PATHS = NO;
				CLANG_ANALYZER_NONNULL = YES;
				CLANG_ANALYZER_NUMBER_OBJECT_CONVERSION = YES_AGGRESSIVE;
				CLANG_CXX_LANGUAGE_STANDARD = "gnu++14";
				CLANG_CXX_LIBRARY = "libc++";
				CLANG_ENABLE_MODULES = YES;
				CLANG_ENABLE_OBJC_ARC = YES;
				CLANG_ENABLE_OBJC_WEAK = YES;
				CLANG_WARN_BLOCK_CAPTURE_AUTORELEASING = YES;
				CLANG_WARN_BOOL_CONVERSION = YES;
				CLANG_WARN_COMMA = YES;
				CLANG_WARN_CONSTANT_CONVERSION = YES;
				CLANG_WARN_DEPRECATED_OBJC_IMPLEMENTATIONS = YES;
				CLANG_WARN_DIRECT_OBJC_ISA_USAGE = YES_ERROR;
				CLANG_WARN_DOCUMENTATION_COMMENTS = YES;
				CLANG_WARN_EMPTY_BODY = YES;
				CLANG_WARN_ENUM_CONVERSION = YES;
				CLANG_WARN_INFINITE_RECURSION = YES;
				CLANG_WARN_INT_CONVERSION = YES;
				CLANG_WARN_NON_LITERAL_NULL_CONVERSION = YES;
				CLANG_WARN_OBJC_IMPLICIT_RETAIN_SELF = YES;
				CLANG_WARN_OBJC_LITERAL_CONVERSION = YES;
				CLANG_WARN_OBJC_ROOT_CLASS = YES_ERROR;
				CLANG_WARN_RANGE_LOOP_ANALYSIS = YES;
				CLANG_WARN_STRICT_PROTOTYPES = YES;
				CLANG_WARN_SUSPICIOUS_MOVE = YES;
				CLANG_WARN_UNGUARDED_AVAILABILITY = YES_AGGRESSIVE;
				CLANG_WARN_UNREACHABLE_CODE = YES;
				CLANG_WARN__DUPLICATE_METHOD_MATCH = YES;
				COPY_PHASE_STRIP = NO;
				DEBUG_INFORMATION_FORMAT = dwarf;
				ENABLE_STRICT_OBJC_MSGSEND = YES;
				ENABLE_TESTABILITY = YES;
				GCC_C_LANGUAGE_STANDARD = gnu11;
				GCC_DYNAMIC_NO_PIC = NO;
				GCC_NO_COMMON_BLOCKS = YES;
				GCC_OPTIMIZATION_LEVEL = 0;
				GCC_PREPROCESSOR_DEFINITIONS = (
					"DEBUG=1",
					"$(inherited)",
				);
				GCC_WARN_64_TO_32_BIT_CONVERSION = YES;
				GCC_WARN_ABOUT_RETURN_TYPE = YES_ERROR;
				GCC_WARN_UNDECLARED_SELECTOR = YES;
				GCC_WARN_UNINITIALIZED_AUTOS = YES_AGGRESSIVE;
				GCC_WARN_UNUSED_FUNCTION = YES;
				GCC_WARN_UNUSED_VARIABLE = YES;
				IPHONEOS_DEPLOYMENT_TARGET = 13.2;
				MTL_ENABLE_DEBUG_INFO = INCLUDE_SOURCE;
				MTL_FAST_MATH = YES;
				ONLY_ACTIVE_ARCH = YES;
				SDKROOT = iphoneos;
				SWIFT_ACTIVE_COMPILATION_CONDITIONS = DEBUG;
				SWIFT_OPTIMIZATION_LEVEL = "-Onone";
			};
			name = Debug;
		};
		A2CB6C4E23FDB5B10006DA75 /* Release */ = {
			isa = XCBuildConfiguration;
			buildSettings = {
				ALWAYS_SEARCH_USER_PATHS = NO;
				CLANG_ANALYZER_NONNULL = YES;
				CLANG_ANALYZER_NUMBER_OBJECT_CONVERSION = YES_AGGRESSIVE;
				CLANG_CXX_LANGUAGE_STANDARD = "gnu++14";
				CLANG_CXX_LIBRARY = "libc++";
				CLANG_ENABLE_MODULES = YES;
				CLANG_ENABLE_OBJC_ARC = YES;
				CLANG_ENABLE_OBJC_WEAK = YES;
				CLANG_WARN_BLOCK_CAPTURE_AUTORELEASING = YES;
				CLANG_WARN_BOOL_CONVERSION = YES;
				CLANG_WARN_COMMA = YES;
				CLANG_WARN_CONSTANT_CONVERSION = YES;
				CLANG_WARN_DEPRECATED_OBJC_IMPLEMENTATIONS = YES;
				CLANG_WARN_DIRECT_OBJC_ISA_USAGE = YES_ERROR;
				CLANG_WARN_DOCUMENTATION_COMMENTS = YES;
				CLANG_WARN_EMPTY_BODY = YES;
				CLANG_WARN_ENUM_CONVERSION = YES;
				CLANG_WARN_INFINITE_RECURSION = YES;
				CLANG_WARN_INT_CONVERSION = YES;
				CLANG_WARN_NON_LITERAL_NULL_CONVERSION = YES;
				CLANG_WARN_OBJC_IMPLICIT_RETAIN_SELF = YES;
				CLANG_WARN_OBJC_LITERAL_CONVERSION = YES;
				CLANG_WARN_OBJC_ROOT_CLASS = YES_ERROR;
				CLANG_WARN_RANGE_LOOP_ANALYSIS = YES;
				CLANG_WARN_STRICT_PROTOTYPES = YES;
				CLANG_WARN_SUSPICIOUS_MOVE = YES;
				CLANG_WARN_UNGUARDED_AVAILABILITY = YES_AGGRESSIVE;
				CLANG_WARN_UNREACHABLE_CODE = YES;
				CLANG_WARN__DUPLICATE_METHOD_MATCH = YES;
				COPY_PHASE_STRIP = NO;
				DEBUG_INFORMATION_FORMAT = "dwarf-with-dsym";
				ENABLE_NS_ASSERTIONS = NO;
				ENABLE_STRICT_OBJC_MSGSEND = YES;
				GCC_C_LANGUAGE_STANDARD = gnu11;
				GCC_NO_COMMON_BLOCKS = YES;
				GCC_WARN_64_TO_32_BIT_CONVERSION = YES;
				GCC_WARN_ABOUT_RETURN_TYPE = YES_ERROR;
				GCC_WARN_UNDECLARED_SELECTOR = YES;
				GCC_WARN_UNINITIALIZED_AUTOS = YES_AGGRESSIVE;
				GCC_WARN_UNUSED_FUNCTION = YES;
				GCC_WARN_UNUSED_VARIABLE = YES;
				IPHONEOS_DEPLOYMENT_TARGET = 13.2;
				MTL_ENABLE_DEBUG_INFO = NO;
				MTL_FAST_MATH = YES;
				SDKROOT = iphoneos;
				SWIFT_COMPILATION_MODE = wholemodule;
				SWIFT_OPTIMIZATION_LEVEL = "-O";
				VALIDATE_PRODUCT = YES;
			};
			name = Release;
		};
		A2CB6C5023FDB5B10006DA75 /* Debug */ = {
			isa = XCBuildConfiguration;
			buildSettings = {
				ASSETCATALOG_COMPILER_APPICON_NAME = AppIcon;
				CODE_SIGN_STYLE = Automatic;
				DEVELOPMENT_ASSET_PATHS = "\"TestingSandbox/Preview Content\"";
				DEVELOPMENT_TEAM = MBWM5464X8;
				ENABLE_PREVIEWS = YES;
				INFOPLIST_FILE = TestingSandbox/Info.plist;
				LD_RUNPATH_SEARCH_PATHS = (
					"$(inherited)",
					"@executable_path/Frameworks",
				);
				OTHER_LDFLAGS = "-ObjC";
				PRODUCT_BUNDLE_IDENTIFIER = com.butterflynetinc.TestingSandbox;
				PRODUCT_NAME = "$(TARGET_NAME)";
				SWIFT_OBJC_BRIDGING_HEADER = "TestingSandbox/TestingSandbox-Bridging-Header.h";
				SWIFT_VERSION = 5.0;
				TARGETED_DEVICE_FAMILY = "1,2";
				USER_HEADER_SEARCH_PATHS = (
					Vendor/eDistantObject/Service/Sources,
					TestingSandboxLibrary,
				);
			};
			name = Debug;
		};
		A2CB6C5123FDB5B10006DA75 /* Release */ = {
			isa = XCBuildConfiguration;
			buildSettings = {
				ASSETCATALOG_COMPILER_APPICON_NAME = AppIcon;
				CODE_SIGN_STYLE = Automatic;
				DEVELOPMENT_ASSET_PATHS = "\"TestingSandbox/Preview Content\"";
				DEVELOPMENT_TEAM = MBWM5464X8;
				ENABLE_PREVIEWS = YES;
				INFOPLIST_FILE = TestingSandbox/Info.plist;
				LD_RUNPATH_SEARCH_PATHS = (
					"$(inherited)",
					"@executable_path/Frameworks",
				);
				OTHER_LDFLAGS = "-ObjC";
				PRODUCT_BUNDLE_IDENTIFIER = com.butterflynetinc.TestingSandbox;
				PRODUCT_NAME = "$(TARGET_NAME)";
				SWIFT_OBJC_BRIDGING_HEADER = "TestingSandbox/TestingSandbox-Bridging-Header.h";
				SWIFT_VERSION = 5.0;
				TARGETED_DEVICE_FAMILY = "1,2";
				USER_HEADER_SEARCH_PATHS = (
					Vendor/eDistantObject/Service/Sources,
					TestingSandboxLibrary,
				);
			};
			name = Release;
		};
		A2CB6C5323FDB5B10006DA75 /* Debug */ = {
			isa = XCBuildConfiguration;
			buildSettings = {
				ALWAYS_EMBED_SWIFT_STANDARD_LIBRARIES = YES;
				BUNDLE_LOADER = "$(TEST_HOST)";
				CODE_SIGN_STYLE = Automatic;
				DEVELOPMENT_TEAM = MBWM5464X8;
				INFOPLIST_FILE = TestingSandboxTests/Info.plist;
				IPHONEOS_DEPLOYMENT_TARGET = 13.2;
				LD_RUNPATH_SEARCH_PATHS = (
					"$(inherited)",
					"@executable_path/Frameworks",
					"@loader_path/Frameworks",
				);
				OTHER_LDFLAGS = "-ObjC";
				PRODUCT_BUNDLE_IDENTIFIER = com.butterflynetinc.TestingSandboxTests;
				PRODUCT_NAME = "$(TARGET_NAME)";
				SWIFT_VERSION = 5.0;
				TARGETED_DEVICE_FAMILY = "1,2";
				TEST_HOST = "$(BUILT_PRODUCTS_DIR)/TestingSandbox.app/TestingSandbox";
				USER_HEADER_SEARCH_PATHS = (
					Vendor/eDistantObject/Service/Sources,
					TestingSandboxLibrary,
				);
			};
			name = Debug;
		};
		A2CB6C5423FDB5B10006DA75 /* Release */ = {
			isa = XCBuildConfiguration;
			buildSettings = {
				ALWAYS_EMBED_SWIFT_STANDARD_LIBRARIES = YES;
				BUNDLE_LOADER = "$(TEST_HOST)";
				CODE_SIGN_STYLE = Automatic;
				DEVELOPMENT_TEAM = MBWM5464X8;
				INFOPLIST_FILE = TestingSandboxTests/Info.plist;
				IPHONEOS_DEPLOYMENT_TARGET = 13.2;
				LD_RUNPATH_SEARCH_PATHS = (
					"$(inherited)",
					"@executable_path/Frameworks",
					"@loader_path/Frameworks",
				);
				OTHER_LDFLAGS = "-ObjC";
				PRODUCT_BUNDLE_IDENTIFIER = com.butterflynetinc.TestingSandboxTests;
				PRODUCT_NAME = "$(TARGET_NAME)";
				SWIFT_VERSION = 5.0;
				TARGETED_DEVICE_FAMILY = "1,2";
				TEST_HOST = "$(BUILT_PRODUCTS_DIR)/TestingSandbox.app/TestingSandbox";
				USER_HEADER_SEARCH_PATHS = (
					Vendor/eDistantObject/Service/Sources,
					TestingSandboxLibrary,
				);
			};
			name = Release;
		};
		A2CB6C5623FDB5B10006DA75 /* Debug */ = {
			isa = XCBuildConfiguration;
			buildSettings = {
				ALWAYS_EMBED_SWIFT_STANDARD_LIBRARIES = YES;
				CODE_SIGN_STYLE = Automatic;
				DEVELOPMENT_TEAM = MBWM5464X8;
				INFOPLIST_FILE = TestingSandboxUITests/Info.plist;
				LD_RUNPATH_SEARCH_PATHS = (
					"$(inherited)",
					"@executable_path/Frameworks",
					"@loader_path/Frameworks",
				);
				OTHER_LDFLAGS = "-ObjC";
				PRODUCT_BUNDLE_IDENTIFIER = com.butterflynetinc.TestingSandboxUITests;
				PRODUCT_NAME = "$(TARGET_NAME)";
				SWIFT_OBJC_BRIDGING_HEADER = "TestingSandboxUITests/TestingSandboxUITests-Bridging-Header.h";
				SWIFT_VERSION = 5.0;
				TARGETED_DEVICE_FAMILY = "1,2";
				TEST_TARGET_NAME = TestingSandbox;
				USER_HEADER_SEARCH_PATHS = (
					Vendor/eDistantObject/Service/Sources,
					TestingSandboxLibrary,
				);
			};
			name = Debug;
		};
		A2CB6C5723FDB5B10006DA75 /* Release */ = {
			isa = XCBuildConfiguration;
			buildSettings = {
				ALWAYS_EMBED_SWIFT_STANDARD_LIBRARIES = YES;
				CODE_SIGN_STYLE = Automatic;
				DEVELOPMENT_TEAM = MBWM5464X8;
				INFOPLIST_FILE = TestingSandboxUITests/Info.plist;
				LD_RUNPATH_SEARCH_PATHS = (
					"$(inherited)",
					"@executable_path/Frameworks",
					"@loader_path/Frameworks",
				);
				OTHER_LDFLAGS = "-ObjC";
				PRODUCT_BUNDLE_IDENTIFIER = com.butterflynetinc.TestingSandboxUITests;
				PRODUCT_NAME = "$(TARGET_NAME)";
				SWIFT_OBJC_BRIDGING_HEADER = "TestingSandboxUITests/TestingSandboxUITests-Bridging-Header.h";
				SWIFT_VERSION = 5.0;
				TARGETED_DEVICE_FAMILY = "1,2";
				TEST_TARGET_NAME = TestingSandbox;
				USER_HEADER_SEARCH_PATHS = (
					Vendor/eDistantObject/Service/Sources,
					TestingSandboxLibrary,
				);
			};
			name = Release;
		};
		A2CB6CDB23FDE2D00006DA75 /* Debug */ = {
			isa = XCBuildConfiguration;
			buildSettings = {
				CLANG_ENABLE_MODULES = YES;
				CODE_SIGN_STYLE = Automatic;
				DEVELOPMENT_TEAM = MBWM5464X8;
				LD_RUNPATH_SEARCH_PATHS = (
					"$(inherited)",
					"@executable_path/Frameworks",
					"@loader_path/Frameworks",
				);
				OTHER_LDFLAGS = "-ObjC";
				PRODUCT_NAME = "$(TARGET_NAME)";
				SKIP_INSTALL = YES;
				SWIFT_OBJC_BRIDGING_HEADER = "TestingSandboxLibrary/TestingSandboxLibrary-Bridging-Header.h";
				SWIFT_OPTIMIZATION_LEVEL = "-Onone";
				SWIFT_VERSION = 5.0;
				TARGETED_DEVICE_FAMILY = "1,2";
				USER_HEADER_SEARCH_PATHS = Vendor/eDistantObject/Service/Sources;
			};
			name = Debug;
		};
		A2CB6CDC23FDE2D00006DA75 /* Release */ = {
			isa = XCBuildConfiguration;
			buildSettings = {
				CLANG_ENABLE_MODULES = YES;
				CODE_SIGN_STYLE = Automatic;
				DEVELOPMENT_TEAM = MBWM5464X8;
				LD_RUNPATH_SEARCH_PATHS = (
					"$(inherited)",
					"@executable_path/Frameworks",
					"@loader_path/Frameworks",
				);
				OTHER_LDFLAGS = "-ObjC";
				PRODUCT_NAME = "$(TARGET_NAME)";
				SKIP_INSTALL = YES;
				SWIFT_OBJC_BRIDGING_HEADER = "TestingSandboxLibrary/TestingSandboxLibrary-Bridging-Header.h";
				SWIFT_VERSION = 5.0;
				TARGETED_DEVICE_FAMILY = "1,2";
				USER_HEADER_SEARCH_PATHS = Vendor/eDistantObject/Service/Sources;
			};
			name = Release;
		};
/* End XCBuildConfiguration section */

/* Begin XCConfigurationList section */
		A2CB6C2023FDB5AA0006DA75 /* Build configuration list for PBXProject "TestingSandbox" */ = {
			isa = XCConfigurationList;
			buildConfigurations = (
				A2CB6C4D23FDB5B10006DA75 /* Debug */,
				A2CB6C4E23FDB5B10006DA75 /* Release */,
			);
			defaultConfigurationIsVisible = 0;
			defaultConfigurationName = Release;
		};
		A2CB6C4F23FDB5B10006DA75 /* Build configuration list for PBXNativeTarget "TestingSandbox" */ = {
			isa = XCConfigurationList;
			buildConfigurations = (
				A2CB6C5023FDB5B10006DA75 /* Debug */,
				A2CB6C5123FDB5B10006DA75 /* Release */,
			);
			defaultConfigurationIsVisible = 0;
			defaultConfigurationName = Release;
		};
		A2CB6C5223FDB5B10006DA75 /* Build configuration list for PBXNativeTarget "TestingSandboxTests" */ = {
			isa = XCConfigurationList;
			buildConfigurations = (
				A2CB6C5323FDB5B10006DA75 /* Debug */,
				A2CB6C5423FDB5B10006DA75 /* Release */,
			);
			defaultConfigurationIsVisible = 0;
			defaultConfigurationName = Release;
		};
		A2CB6C5523FDB5B10006DA75 /* Build configuration list for PBXNativeTarget "TestingSandboxUITests" */ = {
			isa = XCConfigurationList;
			buildConfigurations = (
				A2CB6C5623FDB5B10006DA75 /* Debug */,
				A2CB6C5723FDB5B10006DA75 /* Release */,
			);
			defaultConfigurationIsVisible = 0;
			defaultConfigurationName = Release;
		};
		A2CB6CDA23FDE2D00006DA75 /* Build configuration list for PBXNativeTarget "TestingSandboxLibrary" */ = {
			isa = XCConfigurationList;
			buildConfigurations = (
				A2CB6CDB23FDE2D00006DA75 /* Debug */,
				A2CB6CDC23FDE2D00006DA75 /* Release */,
			);
			defaultConfigurationIsVisible = 0;
			defaultConfigurationName = Release;
		};
/* End XCConfigurationList section */
	};
	rootObject = A2CB6C1D23FDB5AA0006DA75 /* Project object */;
}
